// !$*UTF8*$!
{
	archiveVersion = 1;
	classes = {
	};
	objectVersion = 56;
	objects = {

/* Begin PBXBuildFile section */
		6F7134282B376DD900036496 /* StopwatchViewModel.swift in Sources */ = {isa = PBXBuildFile; fileRef = 6F7134272B376DD900036496 /* StopwatchViewModel.swift */; };
		8671BFF32B307D8C00CE39D1 /* MyTimerApp.swift in Sources */ = {isa = PBXBuildFile; fileRef = 8671BFF22B307D8C00CE39D1 /* MyTimerApp.swift */; };
		8671BFF52B307D8C00CE39D1 /* ContentView.swift in Sources */ = {isa = PBXBuildFile; fileRef = 8671BFF42B307D8C00CE39D1 /* ContentView.swift */; };
		8671BFF72B307D8F00CE39D1 /* Assets.xcassets in Resources */ = {isa = PBXBuildFile; fileRef = 8671BFF62B307D8F00CE39D1 /* Assets.xcassets */; };
		8671BFFA2B307D8F00CE39D1 /* Preview Assets.xcassets in Resources */ = {isa = PBXBuildFile; fileRef = 8671BFF92B307D8F00CE39D1 /* Preview Assets.xcassets */; };
		86CB0B5C2B31B00A0013EB39 /* TimePickerPartView.swift in Sources */ = {isa = PBXBuildFile; fileRef = 86CB0B5B2B31B00A0013EB39 /* TimePickerPartView.swift */; };
		86CB0B5F2B31BDD50013EB39 /* TimerViewModel.swift in Sources */ = {isa = PBXBuildFile; fileRef = 86CB0B5E2B31BDD50013EB39 /* TimerViewModel.swift */; };
		86CB0B612B31BE430013EB39 /* TimerView.swift in Sources */ = {isa = PBXBuildFile; fileRef = 86CB0B602B31BE430013EB39 /* TimerView.swift */; };
		86CB0B642B31C16D0013EB39 /* ButtonStyles.swift in Sources */ = {isa = PBXBuildFile; fileRef = 86CB0B632B31C16D0013EB39 /* ButtonStyles.swift */; };
		86CB0B662B32F9B90013EB39 /* TimerProgressView.swift in Sources */ = {isa = PBXBuildFile; fileRef = 86CB0B652B32F9B90013EB39 /* TimerProgressView.swift */; };
		86CB0B692B32FACD0013EB39 /* Float+Extension.swift in Sources */ = {isa = PBXBuildFile; fileRef = 86CB0B682B32FACD0013EB39 /* Float+Extension.swift */; };
		86E831BC2B494A1E0073B02F /* WorkRestTimerViewModel.swift in Sources */ = {isa = PBXBuildFile; fileRef = 86E831BB2B494A1E0073B02F /* WorkRestTimerViewModel.swift */; };
		86E831BE2B494A660073B02F /* TimerState.swift in Sources */ = {isa = PBXBuildFile; fileRef = 86E831BD2B494A660073B02F /* TimerState.swift */; };
		86E831C02B494FE00073B02F /* StopwatchView.swift in Sources */ = {isa = PBXBuildFile; fileRef = 86E831BF2B494FE00073B02F /* StopwatchView.swift */; };
		86E831C22B494FFE0073B02F /* WorkRestTimerView.swift in Sources */ = {isa = PBXBuildFile; fileRef = 86E831C12B494FFE0073B02F /* WorkRestTimerView.swift */; };
/* End PBXBuildFile section */

/* Begin PBXFileReference section */
		6F7134272B376DD900036496 /* StopwatchViewModel.swift */ = {isa = PBXFileReference; lastKnownFileType = sourcecode.swift; path = StopwatchViewModel.swift; sourceTree = "<group>"; };
		8671BFEF2B307D8C00CE39D1 /* MyTimer.app */ = {isa = PBXFileReference; explicitFileType = wrapper.application; includeInIndex = 0; path = MyTimer.app; sourceTree = BUILT_PRODUCTS_DIR; };
		8671BFF22B307D8C00CE39D1 /* MyTimerApp.swift */ = {isa = PBXFileReference; lastKnownFileType = sourcecode.swift; path = MyTimerApp.swift; sourceTree = "<group>"; };
		8671BFF42B307D8C00CE39D1 /* ContentView.swift */ = {isa = PBXFileReference; lastKnownFileType = sourcecode.swift; path = ContentView.swift; sourceTree = "<group>"; };
		8671BFF62B307D8F00CE39D1 /* Assets.xcassets */ = {isa = PBXFileReference; lastKnownFileType = folder.assetcatalog; path = Assets.xcassets; sourceTree = "<group>"; };
		8671BFF92B307D8F00CE39D1 /* Preview Assets.xcassets */ = {isa = PBXFileReference; lastKnownFileType = folder.assetcatalog; path = "Preview Assets.xcassets"; sourceTree = "<group>"; };
		86CB0B5B2B31B00A0013EB39 /* TimePickerPartView.swift */ = {isa = PBXFileReference; lastKnownFileType = sourcecode.swift; path = TimePickerPartView.swift; sourceTree = "<group>"; };
		86CB0B5E2B31BDD50013EB39 /* TimerViewModel.swift */ = {isa = PBXFileReference; lastKnownFileType = sourcecode.swift; path = TimerViewModel.swift; sourceTree = "<group>"; };
		86CB0B602B31BE430013EB39 /* TimerView.swift */ = {isa = PBXFileReference; lastKnownFileType = sourcecode.swift; path = TimerView.swift; sourceTree = "<group>"; };
		86CB0B632B31C16D0013EB39 /* ButtonStyles.swift */ = {isa = PBXFileReference; lastKnownFileType = sourcecode.swift; path = ButtonStyles.swift; sourceTree = "<group>"; };
		86CB0B652B32F9B90013EB39 /* TimerProgressView.swift */ = {isa = PBXFileReference; lastKnownFileType = sourcecode.swift; path = TimerProgressView.swift; sourceTree = "<group>"; };
		86CB0B682B32FACD0013EB39 /* Float+Extension.swift */ = {isa = PBXFileReference; fileEncoding = 4; lastKnownFileType = sourcecode.swift; path = "Float+Extension.swift"; sourceTree = "<group>"; };
		86E831BB2B494A1E0073B02F /* WorkRestTimerViewModel.swift */ = {isa = PBXFileReference; lastKnownFileType = sourcecode.swift; path = WorkRestTimerViewModel.swift; sourceTree = "<group>"; };
		86E831BD2B494A660073B02F /* TimerState.swift */ = {isa = PBXFileReference; lastKnownFileType = sourcecode.swift; path = TimerState.swift; sourceTree = "<group>"; };
		86E831BF2B494FE00073B02F /* StopwatchView.swift */ = {isa = PBXFileReference; lastKnownFileType = sourcecode.swift; path = StopwatchView.swift; sourceTree = "<group>"; };
		86E831C12B494FFE0073B02F /* WorkRestTimerView.swift */ = {isa = PBXFileReference; lastKnownFileType = sourcecode.swift; path = WorkRestTimerView.swift; sourceTree = "<group>"; };
/* End PBXFileReference section */

/* Begin PBXFrameworksBuildPhase section */
		8671BFEC2B307D8C00CE39D1 /* Frameworks */ = {
			isa = PBXFrameworksBuildPhase;
			buildActionMask = 2147483647;
			files = (
			);
			runOnlyForDeploymentPostprocessing = 0;
		};
/* End PBXFrameworksBuildPhase section */

/* Begin PBXGroup section */
		8671BFE62B307D8C00CE39D1 = {
			isa = PBXGroup;
			children = (
				8671BFF12B307D8C00CE39D1 /* MyTimer */,
				8671BFF02B307D8C00CE39D1 /* Products */,
			);
			sourceTree = "<group>";
		};
		8671BFF02B307D8C00CE39D1 /* Products */ = {
			isa = PBXGroup;
			children = (
				8671BFEF2B307D8C00CE39D1 /* MyTimer.app */,
			);
			name = Products;
			sourceTree = "<group>";
		};
		8671BFF12B307D8C00CE39D1 /* MyTimer */ = {
			isa = PBXGroup;
			children = (
				86CB0B672B32FA6F0013EB39 /* Extensions */,
				86CB0B5D2B31BDBD0013EB39 /* Models */,
				86CB0B5A2B31AFE90013EB39 /* Views */,
				8671BFF22B307D8C00CE39D1 /* MyTimerApp.swift */,
				8671BFF42B307D8C00CE39D1 /* ContentView.swift */,
				8671BFF62B307D8F00CE39D1 /* Assets.xcassets */,
				8671BFF82B307D8F00CE39D1 /* Preview Content */,
			);
			path = MyTimer;
			sourceTree = "<group>";
		};
		8671BFF82B307D8F00CE39D1 /* Preview Content */ = {
			isa = PBXGroup;
			children = (
				8671BFF92B307D8F00CE39D1 /* Preview Assets.xcassets */,
			);
			path = "Preview Content";
			sourceTree = "<group>";
		};
		86CB0B5A2B31AFE90013EB39 /* Views */ = {
			isa = PBXGroup;
			children = (
				86CB0B622B31C14F0013EB39 /* Buttons */,
				86CB0B5B2B31B00A0013EB39 /* TimePickerPartView.swift */,
				86CB0B602B31BE430013EB39 /* TimerView.swift */,
				86E831BF2B494FE00073B02F /* StopwatchView.swift */,
				86E831C12B494FFE0073B02F /* WorkRestTimerView.swift */,
				86CB0B652B32F9B90013EB39 /* TimerProgressView.swift */,
			);
			path = Views;
			sourceTree = "<group>";
		};
		86CB0B5D2B31BDBD0013EB39 /* Models */ = {
			isa = PBXGroup;
			children = (
				86CB0B5E2B31BDD50013EB39 /* TimerViewModel.swift */,
				86E831BB2B494A1E0073B02F /* WorkRestTimerViewModel.swift */,
				6F7134272B376DD900036496 /* StopwatchViewModel.swift */,
				86E831BD2B494A660073B02F /* TimerState.swift */,
			);
			path = Models;
			sourceTree = "<group>";
		};
		86CB0B622B31C14F0013EB39 /* Buttons */ = {
			isa = PBXGroup;
			children = (
				86CB0B632B31C16D0013EB39 /* ButtonStyles.swift */,
			);
			path = Buttons;
			sourceTree = "<group>";
		};
		86CB0B672B32FA6F0013EB39 /* Extensions */ = {
			isa = PBXGroup;
			children = (
				86CB0B682B32FACD0013EB39 /* Float+Extension.swift */,
			);
			path = Extensions;
			sourceTree = "<group>";
		};
/* End PBXGroup section */

/* Begin PBXNativeTarget section */
		8671BFEE2B307D8C00CE39D1 /* MyTimer */ = {
			isa = PBXNativeTarget;
			buildConfigurationList = 8671BFFD2B307D8F00CE39D1 /* Build configuration list for PBXNativeTarget "MyTimer" */;
			buildPhases = (
				8671BFEB2B307D8C00CE39D1 /* Sources */,
				8671BFEC2B307D8C00CE39D1 /* Frameworks */,
				8671BFED2B307D8C00CE39D1 /* Resources */,
			);
			buildRules = (
			);
			dependencies = (
			);
			name = MyTimer;
			productName = MyTimer;
			productReference = 8671BFEF2B307D8C00CE39D1 /* MyTimer.app */;
			productType = "com.apple.product-type.application";
		};
/* End PBXNativeTarget section */

/* Begin PBXProject section */
		8671BFE72B307D8C00CE39D1 /* Project object */ = {
			isa = PBXProject;
			attributes = {
				BuildIndependentTargetsInParallel = 1;
				LastSwiftUpdateCheck = 1500;
				LastUpgradeCheck = 1500;
				TargetAttributes = {
					8671BFEE2B307D8C00CE39D1 = {
						CreatedOnToolsVersion = 15.0;
					};
				};
			};
			buildConfigurationList = 8671BFEA2B307D8C00CE39D1 /* Build configuration list for PBXProject "MyTimer" */;
			compatibilityVersion = "Xcode 14.0";
			developmentRegion = en;
			hasScannedForEncodings = 0;
			knownRegions = (
				en,
				Base,
			);
			mainGroup = 8671BFE62B307D8C00CE39D1;
			productRefGroup = 8671BFF02B307D8C00CE39D1 /* Products */;
			projectDirPath = "";
			projectRoot = "";
			targets = (
				8671BFEE2B307D8C00CE39D1 /* MyTimer */,
			);
		};
/* End PBXProject section */

/* Begin PBXResourcesBuildPhase section */
		8671BFED2B307D8C00CE39D1 /* Resources */ = {
			isa = PBXResourcesBuildPhase;
			buildActionMask = 2147483647;
			files = (
				8671BFFA2B307D8F00CE39D1 /* Preview Assets.xcassets in Resources */,
				8671BFF72B307D8F00CE39D1 /* Assets.xcassets in Resources */,
			);
			runOnlyForDeploymentPostprocessing = 0;
		};
/* End PBXResourcesBuildPhase section */

/* Begin PBXSourcesBuildPhase section */
		8671BFEB2B307D8C00CE39D1 /* Sources */ = {
			isa = PBXSourcesBuildPhase;
			buildActionMask = 2147483647;
			files = (
				86CB0B612B31BE430013EB39 /* TimerView.swift in Sources */,
				86CB0B5F2B31BDD50013EB39 /* TimerViewModel.swift in Sources */,
				86E831C22B494FFE0073B02F /* WorkRestTimerView.swift in Sources */,
				86E831C02B494FE00073B02F /* StopwatchView.swift in Sources */,
				6F7134282B376DD900036496 /* StopwatchViewModel.swift in Sources */,
				86CB0B692B32FACD0013EB39 /* Float+Extension.swift in Sources */,
				86CB0B662B32F9B90013EB39 /* TimerProgressView.swift in Sources */,
				86E831BE2B494A660073B02F /* TimerState.swift in Sources */,
				8671BFF52B307D8C00CE39D1 /* ContentView.swift in Sources */,
				86CB0B642B31C16D0013EB39 /* ButtonStyles.swift in Sources */,
				8671BFF32B307D8C00CE39D1 /* MyTimerApp.swift in Sources */,
				86E831BC2B494A1E0073B02F /* WorkRestTimerViewModel.swift in Sources */,
				86CB0B5C2B31B00A0013EB39 /* TimePickerPartView.swift in Sources */,
			);
			runOnlyForDeploymentPostprocessing = 0;
		};
/* End PBXSourcesBuildPhase section */

/* Begin XCBuildConfiguration section */
		8671BFFB2B307D8F00CE39D1 /* Debug */ = {
			isa = XCBuildConfiguration;
			buildSettings = {
				ALWAYS_SEARCH_USER_PATHS = NO;
				ASSETCATALOG_COMPILER_GENERATE_SWIFT_ASSET_SYMBOL_EXTENSIONS = YES;
				CLANG_ANALYZER_NONNULL = YES;
				CLANG_ANALYZER_NUMBER_OBJECT_CONVERSION = YES_AGGRESSIVE;
				CLANG_CXX_LANGUAGE_STANDARD = "gnu++20";
				CLANG_ENABLE_MODULES = YES;
				CLANG_ENABLE_OBJC_ARC = YES;
				CLANG_ENABLE_OBJC_WEAK = YES;
				CLANG_WARN_BLOCK_CAPTURE_AUTORELEASING = YES;
				CLANG_WARN_BOOL_CONVERSION = YES;
				CLANG_WARN_COMMA = YES;
				CLANG_WARN_CONSTANT_CONVERSION = YES;
				CLANG_WARN_DEPRECATED_OBJC_IMPLEMENTATIONS = YES;
				CLANG_WARN_DIRECT_OBJC_ISA_USAGE = YES_ERROR;
				CLANG_WARN_DOCUMENTATION_COMMENTS = YES;
				CLANG_WARN_EMPTY_BODY = YES;
				CLANG_WARN_ENUM_CONVERSION = YES;
				CLANG_WARN_INFINITE_RECURSION = YES;
				CLANG_WARN_INT_CONVERSION = YES;
				CLANG_WARN_NON_LITERAL_NULL_CONVERSION = YES;
				CLANG_WARN_OBJC_IMPLICIT_RETAIN_SELF = YES;
				CLANG_WARN_OBJC_LITERAL_CONVERSION = YES;
				CLANG_WARN_OBJC_ROOT_CLASS = YES_ERROR;
				CLANG_WARN_QUOTED_INCLUDE_IN_FRAMEWORK_HEADER = YES;
				CLANG_WARN_RANGE_LOOP_ANALYSIS = YES;
				CLANG_WARN_STRICT_PROTOTYPES = YES;
				CLANG_WARN_SUSPICIOUS_MOVE = YES;
				CLANG_WARN_UNGUARDED_AVAILABILITY = YES_AGGRESSIVE;
				CLANG_WARN_UNREACHABLE_CODE = YES;
				CLANG_WARN__DUPLICATE_METHOD_MATCH = YES;
				COPY_PHASE_STRIP = NO;
				DEBUG_INFORMATION_FORMAT = dwarf;
				ENABLE_STRICT_OBJC_MSGSEND = YES;
				ENABLE_TESTABILITY = YES;
				ENABLE_USER_SCRIPT_SANDBOXING = YES;
				GCC_C_LANGUAGE_STANDARD = gnu17;
				GCC_DYNAMIC_NO_PIC = NO;
				GCC_NO_COMMON_BLOCKS = YES;
				GCC_OPTIMIZATION_LEVEL = 0;
				GCC_PREPROCESSOR_DEFINITIONS = (
					"DEBUG=1",
					"$(inherited)",
				);
				GCC_WARN_64_TO_32_BIT_CONVERSION = YES;
				GCC_WARN_ABOUT_RETURN_TYPE = YES_ERROR;
				GCC_WARN_UNDECLARED_SELECTOR = YES;
				GCC_WARN_UNINITIALIZED_AUTOS = YES_AGGRESSIVE;
				GCC_WARN_UNUSED_FUNCTION = YES;
				GCC_WARN_UNUSED_VARIABLE = YES;
				IPHONEOS_DEPLOYMENT_TARGET = 17.0;
				LOCALIZATION_PREFERS_STRING_CATALOGS = YES;
				MTL_ENABLE_DEBUG_INFO = INCLUDE_SOURCE;
				MTL_FAST_MATH = YES;
				ONLY_ACTIVE_ARCH = YES;
				SDKROOT = iphoneos;
				SWIFT_ACTIVE_COMPILATION_CONDITIONS = "DEBUG $(inherited)";
				SWIFT_OPTIMIZATION_LEVEL = "-Onone";
			};
			name = Debug;
		};
		8671BFFC2B307D8F00CE39D1 /* Release */ = {
			isa = XCBuildConfiguration;
			buildSettings = {
				ALWAYS_SEARCH_USER_PATHS = NO;
				ASSETCATALOG_COMPILER_GENERATE_SWIFT_ASSET_SYMBOL_EXTENSIONS = YES;
				CLANG_ANALYZER_NONNULL = YES;
				CLANG_ANALYZER_NUMBER_OBJECT_CONVERSION = YES_AGGRESSIVE;
				CLANG_CXX_LANGUAGE_STANDARD = "gnu++20";
				CLANG_ENABLE_MODULES = YES;
				CLANG_ENABLE_OBJC_ARC = YES;
				CLANG_ENABLE_OBJC_WEAK = YES;
				CLANG_WARN_BLOCK_CAPTURE_AUTORELEASING = YES;
				CLANG_WARN_BOOL_CONVERSION = YES;
				CLANG_WARN_COMMA = YES;
				CLANG_WARN_CONSTANT_CONVERSION = YES;
				CLANG_WARN_DEPRECATED_OBJC_IMPLEMENTATIONS = YES;
				CLANG_WARN_DIRECT_OBJC_ISA_USAGE = YES_ERROR;
				CLANG_WARN_DOCUMENTATION_COMMENTS = YES;
				CLANG_WARN_EMPTY_BODY = YES;
				CLANG_WARN_ENUM_CONVERSION = YES;
				CLANG_WARN_INFINITE_RECURSION = YES;
				CLANG_WARN_INT_CONVERSION = YES;
				CLANG_WARN_NON_LITERAL_NULL_CONVERSION = YES;
				CLANG_WARN_OBJC_IMPLICIT_RETAIN_SELF = YES;
				CLANG_WARN_OBJC_LITERAL_CONVERSION = YES;
				CLANG_WARN_OBJC_ROOT_CLASS = YES_ERROR;
				CLANG_WARN_QUOTED_INCLUDE_IN_FRAMEWORK_HEADER = YES;
				CLANG_WARN_RANGE_LOOP_ANALYSIS = YES;
				CLANG_WARN_STRICT_PROTOTYPES = YES;
				CLANG_WARN_SUSPICIOUS_MOVE = YES;
				CLANG_WARN_UNGUARDED_AVAILABILITY = YES_AGGRESSIVE;
				CLANG_WARN_UNREACHABLE_CODE = YES;
				CLANG_WARN__DUPLICATE_METHOD_MATCH = YES;
				COPY_PHASE_STRIP = NO;
				DEBUG_INFORMATION_FORMAT = "dwarf-with-dsym";
				ENABLE_NS_ASSERTIONS = NO;
				ENABLE_STRICT_OBJC_MSGSEND = YES;
				ENABLE_USER_SCRIPT_SANDBOXING = YES;
				GCC_C_LANGUAGE_STANDARD = gnu17;
				GCC_NO_COMMON_BLOCKS = YES;
				GCC_WARN_64_TO_32_BIT_CONVERSION = YES;
				GCC_WARN_ABOUT_RETURN_TYPE = YES_ERROR;
				GCC_WARN_UNDECLARED_SELECTOR = YES;
				GCC_WARN_UNINITIALIZED_AUTOS = YES_AGGRESSIVE;
				GCC_WARN_UNUSED_FUNCTION = YES;
				GCC_WARN_UNUSED_VARIABLE = YES;
				IPHONEOS_DEPLOYMENT_TARGET = 17.0;
				LOCALIZATION_PREFERS_STRING_CATALOGS = YES;
				MTL_ENABLE_DEBUG_INFO = NO;
				MTL_FAST_MATH = YES;
				SDKROOT = iphoneos;
				SWIFT_COMPILATION_MODE = wholemodule;
				VALIDATE_PRODUCT = YES;
			};
			name = Release;
		};
		8671BFFE2B307D8F00CE39D1 /* Debug */ = {
			isa = XCBuildConfiguration;
			buildSettings = {
				ASSETCATALOG_COMPILER_APPICON_NAME = AppIcon;
				ASSETCATALOG_COMPILER_GLOBAL_ACCENT_COLOR_NAME = AccentColor;
				CODE_SIGN_STYLE = Automatic;
				CURRENT_PROJECT_VERSION = 1;
				DEVELOPMENT_ASSET_PATHS = "\"MyTimer/Preview Content\"";
				DEVELOPMENT_TEAM = FC29ZMD8RQ;
				ENABLE_PREVIEWS = YES;
				GENERATE_INFOPLIST_FILE = YES;
				INFOPLIST_KEY_UIApplicationSceneManifest_Generation = YES;
				INFOPLIST_KEY_UIApplicationSupportsIndirectInputEvents = YES;
				INFOPLIST_KEY_UILaunchScreen_Generation = YES;
				INFOPLIST_KEY_UISupportedInterfaceOrientations_iPad = "UIInterfaceOrientationPortrait UIInterfaceOrientationPortraitUpsideDown UIInterfaceOrientationLandscapeLeft UIInterfaceOrientationLandscapeRight";
				INFOPLIST_KEY_UISupportedInterfaceOrientations_iPhone = "UIInterfaceOrientationPortrait UIInterfaceOrientationLandscapeLeft UIInterfaceOrientationLandscapeRight";
				LD_RUNPATH_SEARCH_PATHS = (
					"$(inherited)",
					"@executable_path/Frameworks",
				);
				MARKETING_VERSION = 1.0;
				PRODUCT_BUNDLE_IDENTIFIER = com.jamby77.MyTimer;
				PRODUCT_NAME = "$(TARGET_NAME)";
				SWIFT_EMIT_LOC_STRINGS = YES;
				SWIFT_VERSION = 5.0;
				TARGETED_DEVICE_FAMILY = "1,2";
			};
			name = Debug;
		};
		8671BFFF2B307D8F00CE39D1 /* Release */ = {
			isa = XCBuildConfiguration;
			buildSettings = {
				ASSETCATALOG_COMPILER_APPICON_NAME = AppIcon;
				ASSETCATALOG_COMPILER_GLOBAL_ACCENT_COLOR_NAME = AccentColor;
				CODE_SIGN_STYLE = Automatic;
				CURRENT_PROJECT_VERSION = 1;
				DEVELOPMENT_ASSET_PATHS = "\"MyTimer/Preview Content\"";
				DEVELOPMENT_TEAM = FC29ZMD8RQ;
				ENABLE_PREVIEWS = YES;
				GENERATE_INFOPLIST_FILE = YES;
				INFOPLIST_KEY_UIApplicationSceneManifest_Generation = YES;
				INFOPLIST_KEY_UIApplicationSupportsIndirectInputEvents = YES;
				INFOPLIST_KEY_UILaunchScreen_Generation = YES;
				INFOPLIST_KEY_UISupportedInterfaceOrientations_iPad = "UIInterfaceOrientationPortrait UIInterfaceOrientationPortraitUpsideDown UIInterfaceOrientationLandscapeLeft UIInterfaceOrientationLandscapeRight";
				INFOPLIST_KEY_UISupportedInterfaceOrientations_iPhone = "UIInterfaceOrientationPortrait UIInterfaceOrientationLandscapeLeft UIInterfaceOrientationLandscapeRight";
				LD_RUNPATH_SEARCH_PATHS = (
					"$(inherited)",
					"@executable_path/Frameworks",
				);
				MARKETING_VERSION = 1.0;
				PRODUCT_BUNDLE_IDENTIFIER = com.jamby77.MyTimer;
				PRODUCT_NAME = "$(TARGET_NAME)";
				SWIFT_EMIT_LOC_STRINGS = YES;
				SWIFT_VERSION = 5.0;
				TARGETED_DEVICE_FAMILY = "1,2";
			};
			name = Release;
		};
/* End XCBuildConfiguration section */

/* Begin XCConfigurationList section */
		8671BFEA2B307D8C00CE39D1 /* Build configuration list for PBXProject "MyTimer" */ = {
			isa = XCConfigurationList;
			buildConfigurations = (
				8671BFFB2B307D8F00CE39D1 /* Debug */,
				8671BFFC2B307D8F00CE39D1 /* Release */,
			);
			defaultConfigurationIsVisible = 0;
			defaultConfigurationName = Release;
		};
		8671BFFD2B307D8F00CE39D1 /* Build configuration list for PBXNativeTarget "MyTimer" */ = {
			isa = XCConfigurationList;
			buildConfigurations = (
				8671BFFE2B307D8F00CE39D1 /* Debug */,
				8671BFFF2B307D8F00CE39D1 /* Release */,
			);
			defaultConfigurationIsVisible = 0;
			defaultConfigurationName = Release;
		};
/* End XCConfigurationList section */
	};
	rootObject = 8671BFE72B307D8C00CE39D1 /* Project object */;
}
